// !$*UTF8*$!
{
	archiveVersion = 1;
	classes = {
	};
	objectVersion = 56;
	objects = {

/* Begin PBXBuildFile section */
		C95307C7292FBF0B009ABEE9 /* AppDelegate.swift in Sources */ = {isa = PBXBuildFile; fileRef = C95307C6292FBF0B009ABEE9 /* AppDelegate.swift */; };
		C95307C9292FBF0B009ABEE9 /* SceneDelegate.swift in Sources */ = {isa = PBXBuildFile; fileRef = C95307C8292FBF0B009ABEE9 /* SceneDelegate.swift */; };
		C95307CB292FBF0B009ABEE9 /* ViewController.swift in Sources */ = {isa = PBXBuildFile; fileRef = C95307CA292FBF0B009ABEE9 /* ViewController.swift */; };
		C95307CE292FBF0B009ABEE9 /* Main.storyboard in Resources */ = {isa = PBXBuildFile; fileRef = C95307CC292FBF0B009ABEE9 /* Main.storyboard */; };
		C95307D0292FBF0C009ABEE9 /* Assets.xcassets in Resources */ = {isa = PBXBuildFile; fileRef = C95307CF292FBF0C009ABEE9 /* Assets.xcassets */; };
		C95307D3292FBF0C009ABEE9 /* LaunchScreen.storyboard in Resources */ = {isa = PBXBuildFile; fileRef = C95307D1292FBF0C009ABEE9 /* LaunchScreen.storyboard */; };
		C95307DE292FBF0D009ABEE9 /* soulMateTests.swift in Sources */ = {isa = PBXBuildFile; fileRef = C95307DD292FBF0D009ABEE9 /* soulMateTests.swift */; };
		C95307E8292FBF0D009ABEE9 /* soulMateUITests.swift in Sources */ = {isa = PBXBuildFile; fileRef = C95307E7292FBF0D009ABEE9 /* soulMateUITests.swift */; };
		C95307EA292FBF0D009ABEE9 /* soulMateUITestsLaunchTests.swift in Sources */ = {isa = PBXBuildFile; fileRef = C95307E9292FBF0D009ABEE9 /* soulMateUITestsLaunchTests.swift */; };
/* End PBXBuildFile section */

/* Begin PBXContainerItemProxy section */
		C95307DA292FBF0D009ABEE9 /* PBXContainerItemProxy */ = {
			isa = PBXContainerItemProxy;
			containerPortal = C95307BB292FBF0B009ABEE9 /* Project object */;
			proxyType = 1;
			remoteGlobalIDString = C95307C2292FBF0B009ABEE9;
			remoteInfo = soulMate;
		};
		C95307E4292FBF0D009ABEE9 /* PBXContainerItemProxy */ = {
			isa = PBXContainerItemProxy;
			containerPortal = C95307BB292FBF0B009ABEE9 /* Project object */;
			proxyType = 1;
			remoteGlobalIDString = C95307C2292FBF0B009ABEE9;
			remoteInfo = soulMate;
		};
/* End PBXContainerItemProxy section */

/* Begin PBXFileReference section */
		C95307C3292FBF0B009ABEE9 /* soulMate.app */ = {isa = PBXFileReference; explicitFileType = wrapper.application; includeInIndex = 0; path = soulMate.app; sourceTree = BUILT_PRODUCTS_DIR; };
		C95307C6292FBF0B009ABEE9 /* AppDelegate.swift */ = {isa = PBXFileReference; lastKnownFileType = sourcecode.swift; path = AppDelegate.swift; sourceTree = "<group>"; };
		C95307C8292FBF0B009ABEE9 /* SceneDelegate.swift */ = {isa = PBXFileReference; lastKnownFileType = sourcecode.swift; path = SceneDelegate.swift; sourceTree = "<group>"; };
		C95307CA292FBF0B009ABEE9 /* ViewController.swift */ = {isa = PBXFileReference; lastKnownFileType = sourcecode.swift; path = ViewController.swift; sourceTree = "<group>"; };
		C95307CD292FBF0B009ABEE9 /* Base */ = {isa = PBXFileReference; lastKnownFileType = file.storyboard; name = Base; path = Base.lproj/Main.storyboard; sourceTree = "<group>"; };
		C95307CF292FBF0C009ABEE9 /* Assets.xcassets */ = {isa = PBXFileReference; lastKnownFileType = folder.assetcatalog; path = Assets.xcassets; sourceTree = "<group>"; };
		C95307D2292FBF0C009ABEE9 /* Base */ = {isa = PBXFileReference; lastKnownFileType = file.storyboard; name = Base; path = Base.lproj/LaunchScreen.storyboard; sourceTree = "<group>"; };
		C95307D4292FBF0C009ABEE9 /* Info.plist */ = {isa = PBXFileReference; lastKnownFileType = text.plist.xml; path = Info.plist; sourceTree = "<group>"; };
		C95307D9292FBF0D009ABEE9 /* soulMateTests.xctest */ = {isa = PBXFileReference; explicitFileType = wrapper.cfbundle; includeInIndex = 0; path = soulMateTests.xctest; sourceTree = BUILT_PRODUCTS_DIR; };
		C95307DD292FBF0D009ABEE9 /* soulMateTests.swift */ = {isa = PBXFileReference; lastKnownFileType = sourcecode.swift; path = soulMateTests.swift; sourceTree = "<group>"; };
		C95307E3292FBF0D009ABEE9 /* soulMateUITests.xctest */ = {isa = PBXFileReference; explicitFileType = wrapper.cfbundle; includeInIndex = 0; path = soulMateUITests.xctest; sourceTree = BUILT_PRODUCTS_DIR; };
		C95307E7292FBF0D009ABEE9 /* soulMateUITests.swift */ = {isa = PBXFileReference; lastKnownFileType = sourcecode.swift; path = soulMateUITests.swift; sourceTree = "<group>"; };
		C95307E9292FBF0D009ABEE9 /* soulMateUITestsLaunchTests.swift */ = {isa = PBXFileReference; lastKnownFileType = sourcecode.swift; path = soulMateUITestsLaunchTests.swift; sourceTree = "<group>"; };
/* End PBXFileReference section */

/* Begin PBXFrameworksBuildPhase section */
		C95307C0292FBF0B009ABEE9 /* Frameworks */ = {
			isa = PBXFrameworksBuildPhase;
			buildActionMask = 2147483647;
			files = (
			);
			runOnlyForDeploymentPostprocessing = 0;
		};
		C95307D6292FBF0D009ABEE9 /* Frameworks */ = {
			isa = PBXFrameworksBuildPhase;
			buildActionMask = 2147483647;
			files = (
			);
			runOnlyForDeploymentPostprocessing = 0;
		};
		C95307E0292FBF0D009ABEE9 /* Frameworks */ = {
			isa = PBXFrameworksBuildPhase;
			buildActionMask = 2147483647;
			files = (
			);
			runOnlyForDeploymentPostprocessing = 0;
		};
/* End PBXFrameworksBuildPhase section */

/* Begin PBXGroup section */
		C95307BA292FBF0B009ABEE9 = {
			isa = PBXGroup;
			children = (
				C95307C5292FBF0B009ABEE9 /* soulMate */,
				C95307DC292FBF0D009ABEE9 /* soulMateTests */,
				C95307E6292FBF0D009ABEE9 /* soulMateUITests */,
				C95307C4292FBF0B009ABEE9 /* Products */,
			);
			sourceTree = "<group>";
		};
		C95307C4292FBF0B009ABEE9 /* Products */ = {
			isa = PBXGroup;
			children = (
				C95307C3292FBF0B009ABEE9 /* soulMate.app */,
				C95307D9292FBF0D009ABEE9 /* soulMateTests.xctest */,
				C95307E3292FBF0D009ABEE9 /* soulMateUITests.xctest */,
			);
			name = Products;
			sourceTree = "<group>";
		};
		C95307C5292FBF0B009ABEE9 /* soulMate */ = {
			isa = PBXGroup;
			children = (
				C95307C6292FBF0B009ABEE9 /* AppDelegate.swift */,
				C95307C8292FBF0B009ABEE9 /* SceneDelegate.swift */,
				C95307CA292FBF0B009ABEE9 /* ViewController.swift */,
				C95307CC292FBF0B009ABEE9 /* Main.storyboard */,
				C95307CF292FBF0C009ABEE9 /* Assets.xcassets */,
				C95307D1292FBF0C009ABEE9 /* LaunchScreen.storyboard */,
				C95307D4292FBF0C009ABEE9 /* Info.plist */,
			);
			path = soulMate;
			sourceTree = "<group>";
		};
		C95307DC292FBF0D009ABEE9 /* soulMateTests */ = {
			isa = PBXGroup;
			children = (
				C95307DD292FBF0D009ABEE9 /* soulMateTests.swift */,
			);
			path = soulMateTests;
			sourceTree = "<group>";
		};
		C95307E6292FBF0D009ABEE9 /* soulMateUITests */ = {
			isa = PBXGroup;
			children = (
				C95307E7292FBF0D009ABEE9 /* soulMateUITests.swift */,
				C95307E9292FBF0D009ABEE9 /* soulMateUITestsLaunchTests.swift */,
			);
			path = soulMateUITests;
			sourceTree = "<group>";
		};
/* End PBXGroup section */

/* Begin PBXNativeTarget section */
		C95307C2292FBF0B009ABEE9 /* soulMate */ = {
			isa = PBXNativeTarget;
			buildConfigurationList = C95307ED292FBF0D009ABEE9 /* Build configuration list for PBXNativeTarget "soulMate" */;
			buildPhases = (
				C95307BF292FBF0B009ABEE9 /* Sources */,
				C95307C0292FBF0B009ABEE9 /* Frameworks */,
				C95307C1292FBF0B009ABEE9 /* Resources */,
			);
			buildRules = (
			);
			dependencies = (
			);
			name = soulMate;
			productName = soulMate;
			productReference = C95307C3292FBF0B009ABEE9 /* soulMate.app */;
			productType = "com.apple.product-type.application";
		};
		C95307D8292FBF0D009ABEE9 /* soulMateTests */ = {
			isa = PBXNativeTarget;
			buildConfigurationList = C95307F0292FBF0D009ABEE9 /* Build configuration list for PBXNativeTarget "soulMateTests" */;
			buildPhases = (
				C95307D5292FBF0D009ABEE9 /* Sources */,
				C95307D6292FBF0D009ABEE9 /* Frameworks */,
				C95307D7292FBF0D009ABEE9 /* Resources */,
			);
			buildRules = (
			);
			dependencies = (
				C95307DB292FBF0D009ABEE9 /* PBXTargetDependency */,
			);
			name = soulMateTests;
			productName = soulMateTests;
			productReference = C95307D9292FBF0D009ABEE9 /* soulMateTests.xctest */;
			productType = "com.apple.product-type.bundle.unit-test";
		};
		C95307E2292FBF0D009ABEE9 /* soulMateUITests */ = {
			isa = PBXNativeTarget;
			buildConfigurationList = C95307F3292FBF0D009ABEE9 /* Build configuration list for PBXNativeTarget "soulMateUITests" */;
			buildPhases = (
				C95307DF292FBF0D009ABEE9 /* Sources */,
				C95307E0292FBF0D009ABEE9 /* Frameworks */,
				C95307E1292FBF0D009ABEE9 /* Resources */,
			);
			buildRules = (
			);
			dependencies = (
				C95307E5292FBF0D009ABEE9 /* PBXTargetDependency */,
			);
			name = soulMateUITests;
			productName = soulMateUITests;
			productReference = C95307E3292FBF0D009ABEE9 /* soulMateUITests.xctest */;
			productType = "com.apple.product-type.bundle.ui-testing";
		};
/* End PBXNativeTarget section */

/* Begin PBXProject section */
		C95307BB292FBF0B009ABEE9 /* Project object */ = {
			isa = PBXProject;
			attributes = {
				BuildIndependentTargetsInParallel = 1;
				LastSwiftUpdateCheck = 1400;
				LastUpgradeCheck = 1400;
				TargetAttributes = {
					C95307C2292FBF0B009ABEE9 = {
						CreatedOnToolsVersion = 14.0.1;
					};
					C95307D8292FBF0D009ABEE9 = {
						CreatedOnToolsVersion = 14.0.1;
						TestTargetID = C95307C2292FBF0B009ABEE9;
					};
					C95307E2292FBF0D009ABEE9 = {
						CreatedOnToolsVersion = 14.0.1;
						TestTargetID = C95307C2292FBF0B009ABEE9;
					};
				};
			};
			buildConfigurationList = C95307BE292FBF0B009ABEE9 /* Build configuration list for PBXProject "soulMate" */;
			compatibilityVersion = "Xcode 14.0";
			developmentRegion = en;
			hasScannedForEncodings = 0;
			knownRegions = (
				en,
				Base,
			);
			mainGroup = C95307BA292FBF0B009ABEE9;
			productRefGroup = C95307C4292FBF0B009ABEE9 /* Products */;
			projectDirPath = "";
			projectRoot = "";
			targets = (
				C95307C2292FBF0B009ABEE9 /* soulMate */,
				C95307D8292FBF0D009ABEE9 /* soulMateTests */,
				C95307E2292FBF0D009ABEE9 /* soulMateUITests */,
			);
		};
/* End PBXProject section */

/* Begin PBXResourcesBuildPhase section */
		C95307C1292FBF0B009ABEE9 /* Resources */ = {
			isa = PBXResourcesBuildPhase;
			buildActionMask = 2147483647;
			files = (
				C95307D3292FBF0C009ABEE9 /* LaunchScreen.storyboard in Resources */,
				C95307D0292FBF0C009ABEE9 /* Assets.xcassets in Resources */,
				C95307CE292FBF0B009ABEE9 /* Main.storyboard in Resources */,
			);
			runOnlyForDeploymentPostprocessing = 0;
		};
		C95307D7292FBF0D009ABEE9 /* Resources */ = {
			isa = PBXResourcesBuildPhase;
			buildActionMask = 2147483647;
			files = (
			);
			runOnlyForDeploymentPostprocessing = 0;
		};
		C95307E1292FBF0D009ABEE9 /* Resources */ = {
			isa = PBXResourcesBuildPhase;
			buildActionMask = 2147483647;
			files = (
			);
			runOnlyForDeploymentPostprocessing = 0;
		};
/* End PBXResourcesBuildPhase section */

/* Begin PBXSourcesBuildPhase section */
		C95307BF292FBF0B009ABEE9 /* Sources */ = {
			isa = PBXSourcesBuildPhase;
			buildActionMask = 2147483647;
			files = (
				C95307CB292FBF0B009ABEE9 /* ViewController.swift in Sources */,
				C95307C7292FBF0B009ABEE9 /* AppDelegate.swift in Sources */,
				C95307C9292FBF0B009ABEE9 /* SceneDelegate.swift in Sources */,
			);
			runOnlyForDeploymentPostprocessing = 0;
		};
		C95307D5292FBF0D009ABEE9 /* Sources */ = {
			isa = PBXSourcesBuildPhase;
			buildActionMask = 2147483647;
			files = (
				C95307DE292FBF0D009ABEE9 /* soulMateTests.swift in Sources */,
			);
			runOnlyForDeploymentPostprocessing = 0;
		};
		C95307DF292FBF0D009ABEE9 /* Sources */ = {
			isa = PBXSourcesBuildPhase;
			buildActionMask = 2147483647;
			files = (
				C95307EA292FBF0D009ABEE9 /* soulMateUITestsLaunchTests.swift in Sources */,
				C95307E8292FBF0D009ABEE9 /* soulMateUITests.swift in Sources */,
			);
			runOnlyForDeploymentPostprocessing = 0;
		};
/* End PBXSourcesBuildPhase section */

/* Begin PBXTargetDependency section */
		C95307DB292FBF0D009ABEE9 /* PBXTargetDependency */ = {
			isa = PBXTargetDependency;
			target = C95307C2292FBF0B009ABEE9 /* soulMate */;
			targetProxy = C95307DA292FBF0D009ABEE9 /* PBXContainerItemProxy */;
		};
		C95307E5292FBF0D009ABEE9 /* PBXTargetDependency */ = {
			isa = PBXTargetDependency;
			target = C95307C2292FBF0B009ABEE9 /* soulMate */;
			targetProxy = C95307E4292FBF0D009ABEE9 /* PBXContainerItemProxy */;
		};
/* End PBXTargetDependency section */

/* Begin PBXVariantGroup section */
		C95307CC292FBF0B009ABEE9 /* Main.storyboard */ = {
			isa = PBXVariantGroup;
			children = (
				C95307CD292FBF0B009ABEE9 /* Base */,
			);
			name = Main.storyboard;
			sourceTree = "<group>";
		};
		C95307D1292FBF0C009ABEE9 /* LaunchScreen.storyboard */ = {
			isa = PBXVariantGroup;
			children = (
				C95307D2292FBF0C009ABEE9 /* Base */,
			);
			name = LaunchScreen.storyboard;
			sourceTree = "<group>";
		};
/* End PBXVariantGroup section */

/* Begin XCBuildConfiguration section */
		C95307EB292FBF0D009ABEE9 /* Debug */ = {
			isa = XCBuildConfiguration;
			buildSettings = {
				ALWAYS_SEARCH_USER_PATHS = NO;
				CLANG_ANALYZER_NONNULL = YES;
				CLANG_ANALYZER_NUMBER_OBJECT_CONVERSION = YES_AGGRESSIVE;
				CLANG_CXX_LANGUAGE_STANDARD = "gnu++20";
				CLANG_ENABLE_MODULES = YES;
				CLANG_ENABLE_OBJC_ARC = YES;
				CLANG_ENABLE_OBJC_WEAK = YES;
				CLANG_WARN_BLOCK_CAPTURE_AUTORELEASING = YES;
				CLANG_WARN_BOOL_CONVERSION = YES;
				CLANG_WARN_COMMA = YES;
				CLANG_WARN_CONSTANT_CONVERSION = YES;
				CLANG_WARN_DEPRECATED_OBJC_IMPLEMENTATIONS = YES;
				CLANG_WARN_DIRECT_OBJC_ISA_USAGE = YES_ERROR;
				CLANG_WARN_DOCUMENTATION_COMMENTS = YES;
				CLANG_WARN_EMPTY_BODY = YES;
				CLANG_WARN_ENUM_CONVERSION = YES;
				CLANG_WARN_INFINITE_RECURSION = YES;
				CLANG_WARN_INT_CONVERSION = YES;
				CLANG_WARN_NON_LITERAL_NULL_CONVERSION = YES;
				CLANG_WARN_OBJC_IMPLICIT_RETAIN_SELF = YES;
				CLANG_WARN_OBJC_LITERAL_CONVERSION = YES;
				CLANG_WARN_OBJC_ROOT_CLASS = YES_ERROR;
				CLANG_WARN_QUOTED_INCLUDE_IN_FRAMEWORK_HEADER = YES;
				CLANG_WARN_RANGE_LOOP_ANALYSIS = YES;
				CLANG_WARN_STRICT_PROTOTYPES = YES;
				CLANG_WARN_SUSPICIOUS_MOVE = YES;
				CLANG_WARN_UNGUARDED_AVAILABILITY = YES_AGGRESSIVE;
				CLANG_WARN_UNREACHABLE_CODE = YES;
				CLANG_WARN__DUPLICATE_METHOD_MATCH = YES;
				COPY_PHASE_STRIP = NO;
				DEBUG_INFORMATION_FORMAT = dwarf;
				ENABLE_STRICT_OBJC_MSGSEND = YES;
				ENABLE_TESTABILITY = YES;
				GCC_C_LANGUAGE_STANDARD = gnu11;
				GCC_DYNAMIC_NO_PIC = NO;
				GCC_NO_COMMON_BLOCKS = YES;
				GCC_OPTIMIZATION_LEVEL = 0;
				GCC_PREPROCESSOR_DEFINITIONS = (
					"DEBUG=1",
					"$(inherited)",
				);
				GCC_WARN_64_TO_32_BIT_CONVERSION = YES;
				GCC_WARN_ABOUT_RETURN_TYPE = YES_ERROR;
				GCC_WARN_UNDECLARED_SELECTOR = YES;
				GCC_WARN_UNINITIALIZED_AUTOS = YES_AGGRESSIVE;
				GCC_WARN_UNUSED_FUNCTION = YES;
				GCC_WARN_UNUSED_VARIABLE = YES;
				IPHONEOS_DEPLOYMENT_TARGET = 16.0;
				MTL_ENABLE_DEBUG_INFO = INCLUDE_SOURCE;
				MTL_FAST_MATH = YES;
				ONLY_ACTIVE_ARCH = YES;
				SDKROOT = iphoneos;
				SWIFT_ACTIVE_COMPILATION_CONDITIONS = DEBUG;
				SWIFT_OPTIMIZATION_LEVEL = "-Onone";
			};
			name = Debug;
		};
		C95307EC292FBF0D009ABEE9 /* Release */ = {
			isa = XCBuildConfiguration;
			buildSettings = {
				ALWAYS_SEARCH_USER_PATHS = NO;
				CLANG_ANALYZER_NONNULL = YES;
				CLANG_ANALYZER_NUMBER_OBJECT_CONVERSION = YES_AGGRESSIVE;
				CLANG_CXX_LANGUAGE_STANDARD = "gnu++20";
				CLANG_ENABLE_MODULES = YES;
				CLANG_ENABLE_OBJC_ARC = YES;
				CLANG_ENABLE_OBJC_WEAK = YES;
				CLANG_WARN_BLOCK_CAPTURE_AUTORELEASING = YES;
				CLANG_WARN_BOOL_CONVERSION = YES;
				CLANG_WARN_COMMA = YES;
				CLANG_WARN_CONSTANT_CONVERSION = YES;
				CLANG_WARN_DEPRECATED_OBJC_IMPLEMENTATIONS = YES;
				CLANG_WARN_DIRECT_OBJC_ISA_USAGE = YES_ERROR;
				CLANG_WARN_DOCUMENTATION_COMMENTS = YES;
				CLANG_WARN_EMPTY_BODY = YES;
				CLANG_WARN_ENUM_CONVERSION = YES;
				CLANG_WARN_INFINITE_RECURSION = YES;
				CLANG_WARN_INT_CONVERSION = YES;
				CLANG_WARN_NON_LITERAL_NULL_CONVERSION = YES;
				CLANG_WARN_OBJC_IMPLICIT_RETAIN_SELF = YES;
				CLANG_WARN_OBJC_LITERAL_CONVERSION = YES;
				CLANG_WARN_OBJC_ROOT_CLASS = YES_ERROR;
				CLANG_WARN_QUOTED_INCLUDE_IN_FRAMEWORK_HEADER = YES;
				CLANG_WARN_RANGE_LOOP_ANALYSIS = YES;
				CLANG_WARN_STRICT_PROTOTYPES = YES;
				CLANG_WARN_SUSPICIOUS_MOVE = YES;
				CLANG_WARN_UNGUARDED_AVAILABILITY = YES_AGGRESSIVE;
				CLANG_WARN_UNREACHABLE_CODE = YES;
				CLANG_WARN__DUPLICATE_METHOD_MATCH = YES;
				COPY_PHASE_STRIP = NO;
				DEBUG_INFORMATION_FORMAT = "dwarf-with-dsym";
				ENABLE_NS_ASSERTIONS = NO;
				ENABLE_STRICT_OBJC_MSGSEND = YES;
				GCC_C_LANGUAGE_STANDARD = gnu11;
				GCC_NO_COMMON_BLOCKS = YES;
				GCC_WARN_64_TO_32_BIT_CONVERSION = YES;
				GCC_WARN_ABOUT_RETURN_TYPE = YES_ERROR;
				GCC_WARN_UNDECLARED_SELECTOR = YES;
				GCC_WARN_UNINITIALIZED_AUTOS = YES_AGGRESSIVE;
				GCC_WARN_UNUSED_FUNCTION = YES;
				GCC_WARN_UNUSED_VARIABLE = YES;
				IPHONEOS_DEPLOYMENT_TARGET = 16.0;
				MTL_ENABLE_DEBUG_INFO = NO;
				MTL_FAST_MATH = YES;
				SDKROOT = iphoneos;
				SWIFT_COMPILATION_MODE = wholemodule;
				SWIFT_OPTIMIZATION_LEVEL = "-O";
				VALIDATE_PRODUCT = YES;
			};
			name = Release;
		};
		C95307EE292FBF0D009ABEE9 /* Debug */ = {
			isa = XCBuildConfiguration;
			buildSettings = {
				ASSETCATALOG_COMPILER_APPICON_NAME = AppIcon;
				ASSETCATALOG_COMPILER_GLOBAL_ACCENT_COLOR_NAME = AccentColor;
				CODE_SIGN_STYLE = Automatic;
				CURRENT_PROJECT_VERSION = 1;
				DEVELOPMENT_TEAM = 6ZBBJJ3996;
				GENERATE_INFOPLIST_FILE = YES;
				INFOPLIST_FILE = soulMate/Info.plist;
				INFOPLIST_KEY_UIApplicationSupportsIndirectInputEvents = YES;
				INFOPLIST_KEY_UILaunchStoryboardName = LaunchScreen;
				INFOPLIST_KEY_UIMainStoryboardFile = Main;
				INFOPLIST_KEY_UISupportedInterfaceOrientations_iPad = "UIInterfaceOrientationPortrait UIInterfaceOrientationPortraitUpsideDown UIInterfaceOrientationLandscapeLeft UIInterfaceOrientationLandscapeRight";
				INFOPLIST_KEY_UISupportedInterfaceOrientations_iPhone = "UIInterfaceOrientationPortrait UIInterfaceOrientationLandscapeLeft UIInterfaceOrientationLandscapeRight";
				LD_RUNPATH_SEARCH_PATHS = (
					"$(inherited)",
					"@executable_path/Frameworks",
				);
				MARKETING_VERSION = 1.0;
				PRODUCT_BUNDLE_IDENTIFIER = com.CEZ.soulMate;
				PRODUCT_NAME = "$(TARGET_NAME)";
				SWIFT_EMIT_LOC_STRINGS = YES;
				SWIFT_VERSION = 5.0;
				TARGETED_DEVICE_FAMILY = "1,2";
			};
			name = Debug;
		};
		C95307EF292FBF0D009ABEE9 /* Release */ = {
			isa = XCBuildConfiguration;
			buildSettings = {
				ASSETCATALOG_COMPILER_APPICON_NAME = AppIcon;
				ASSETCATALOG_COMPILER_GLOBAL_ACCENT_COLOR_NAME = AccentColor;
				CODE_SIGN_STYLE = Automatic;
				CURRENT_PROJECT_VERSION = 1;
				DEVELOPMENT_TEAM = 6ZBBJJ3996;
				GENERATE_INFOPLIST_FILE = YES;
				INFOPLIST_FILE = soulMate/Info.plist;
				INFOPLIST_KEY_UIApplicationSupportsIndirectInputEvents = YES;
				INFOPLIST_KEY_UILaunchStoryboardName = LaunchScreen;
				INFOPLIST_KEY_UIMainStoryboardFile = Main;
				INFOPLIST_KEY_UISupportedInterfaceOrientations_iPad = "UIInterfaceOrientationPortrait UIInterfaceOrientationPortraitUpsideDown UIInterfaceOrientationLandscapeLeft UIInterfaceOrientationLandscapeRight";
				INFOPLIST_KEY_UISupportedInterfaceOrientations_iPhone = "UIInterfaceOrientationPortrait UIInterfaceOrientationLandscapeLeft UIInterfaceOrientationLandscapeRight";
				LD_RUNPATH_SEARCH_PATHS = (
					"$(inherited)",
					"@executable_path/Frameworks",
				);
				MARKETING_VERSION = 1.0;
				PRODUCT_BUNDLE_IDENTIFIER = com.CEZ.soulMate;
				PRODUCT_NAME = "$(TARGET_NAME)";
				SWIFT_EMIT_LOC_STRINGS = YES;
				SWIFT_VERSION = 5.0;
				TARGETED_DEVICE_FAMILY = "1,2";
			};
			name = Release;
		};
		C95307F1292FBF0D009ABEE9 /* Debug */ = {
			isa = XCBuildConfiguration;
			buildSettings = {
				ALWAYS_EMBED_SWIFT_STANDARD_LIBRARIES = YES;
				BUNDLE_LOADER = "$(TEST_HOST)";
				CODE_SIGN_STYLE = Automatic;
				CURRENT_PROJECT_VERSION = 1;
				DEVELOPMENT_TEAM = 6ZBBJJ3996;
				GENERATE_INFOPLIST_FILE = YES;
				IPHONEOS_DEPLOYMENT_TARGET = 16.0;
				MARKETING_VERSION = 1.0;
				PRODUCT_BUNDLE_IDENTIFIER = com.CEZ.soulMateTests;
				PRODUCT_NAME = "$(TARGET_NAME)";
				SWIFT_EMIT_LOC_STRINGS = NO;
				SWIFT_VERSION = 5.0;
				TARGETED_DEVICE_FAMILY = "1,2";
				TEST_HOST = "$(BUILT_PRODUCTS_DIR)/soulMate.app/$(BUNDLE_EXECUTABLE_FOLDER_PATH)/soulMate";
			};
			name = Debug;
		};
		C95307F2292FBF0D009ABEE9 /* Release */ = {
			isa = XCBuildConfiguration;
			buildSettings = {
				ALWAYS_EMBED_SWIFT_STANDARD_LIBRARIES = YES;
				BUNDLE_LOADER = "$(TEST_HOST)";
				CODE_SIGN_STYLE = Automatic;
				CURRENT_PROJECT_VERSION = 1;
				DEVELOPMENT_TEAM = 6ZBBJJ3996;
				GENERATE_INFOPLIST_FILE = YES;
				IPHONEOS_DEPLOYMENT_TARGET = 16.0;
				MARKETING_VERSION = 1.0;
				PRODUCT_BUNDLE_IDENTIFIER = com.CEZ.soulMateTests;
				PRODUCT_NAME = "$(TARGET_NAME)";
				SWIFT_EMIT_LOC_STRINGS = NO;
				SWIFT_VERSION = 5.0;
				TARGETED_DEVICE_FAMILY = "1,2";
				TEST_HOST = "$(BUILT_PRODUCTS_DIR)/soulMate.app/$(BUNDLE_EXECUTABLE_FOLDER_PATH)/soulMate";
			};
			name = Release;
		};
		C95307F4292FBF0D009ABEE9 /* Debug */ = {
			isa = XCBuildConfiguration;
			buildSettings = {
				ALWAYS_EMBED_SWIFT_STANDARD_LIBRARIES = YES;
				CODE_SIGN_STYLE = Automatic;
				CURRENT_PROJECT_VERSION = 1;
				DEVELOPMENT_TEAM = 6ZBBJJ3996;
				GENERATE_INFOPLIST_FILE = YES;
				MARKETING_VERSION = 1.0;
				PRODUCT_BUNDLE_IDENTIFIER = com.CEZ.soulMateUITests;
				PRODUCT_NAME = "$(TARGET_NAME)";
				SWIFT_EMIT_LOC_STRINGS = NO;
				SWIFT_VERSION = 5.0;
				TARGETED_DEVICE_FAMILY = "1,2";
				TEST_TARGET_NAME = soulMate;
			};
			name = Debug;
		};
		C95307F5292FBF0D009ABEE9 /* Release */ = {
			isa = XCBuildConfiguration;
			buildSettings = {
				ALWAYS_EMBED_SWIFT_STANDARD_LIBRARIES = YES;
				CODE_SIGN_STYLE = Automatic;
				CURRENT_PROJECT_VERSION = 1;
				DEVELOPMENT_TEAM = 6ZBBJJ3996;
				GENERATE_INFOPLIST_FILE = YES;
				MARKETING_VERSION = 1.0;
				PRODUCT_BUNDLE_IDENTIFIER = com.CEZ.soulMateUITests;
				PRODUCT_NAME = "$(TARGET_NAME)";
				SWIFT_EMIT_LOC_STRINGS = NO;
				SWIFT_VERSION = 5.0;
				TARGETED_DEVICE_FAMILY = "1,2";
				TEST_TARGET_NAME = soulMate;
			};
			name = Release;
		};
/* End XCBuildConfiguration section */

/* Begin XCConfigurationList section */
		C95307BE292FBF0B009ABEE9 /* Build configuration list for PBXProject "soulMate" */ = {
			isa = XCConfigurationList;
			buildConfigurations = (
				C95307EB292FBF0D009ABEE9 /* Debug */,
				C95307EC292FBF0D009ABEE9 /* Release */,
			);
			defaultConfigurationIsVisible = 0;
			defaultConfigurationName = Release;
		};
		C95307ED292FBF0D009ABEE9 /* Build configuration list for PBXNativeTarget "soulMate" */ = {
			isa = XCConfigurationList;
			buildConfigurations = (
				C95307EE292FBF0D009ABEE9 /* Debug */,
				C95307EF292FBF0D009ABEE9 /* Release */,
			);
			defaultConfigurationIsVisible = 0;
			defaultConfigurationName = Release;
		};
		C95307F0292FBF0D009ABEE9 /* Build configuration list for PBXNativeTarget "soulMateTests" */ = {
			isa = XCConfigurationList;
			buildConfigurations = (
				C95307F1292FBF0D009ABEE9 /* Debug */,
				C95307F2292FBF0D009ABEE9 /* Release */,
			);
			defaultConfigurationIsVisible = 0;
			defaultConfigurationName = Release;
		};
		C95307F3292FBF0D009ABEE9 /* Build configuration list for PBXNativeTarget "soulMateUITests" */ = {
			isa = XCConfigurationList;
			buildConfigurations = (
				C95307F4292FBF0D009ABEE9 /* Debug */,
				C95307F5292FBF0D009ABEE9 /* Release */,
			);
			defaultConfigurationIsVisible = 0;
			defaultConfigurationName = Release;
		};
/* End XCConfigurationList section */
	};
	rootObject = C95307BB292FBF0B009ABEE9 /* Project object */;
}
